
Microsoft Visual Studio Solution File, Format Version 12.00
# Visual Studio Version 17
VisualStudioVersion = 17.5.33414.496
MinimumVisualStudioVersion = 10.0.40219.1
Project("{9A19103F-16F7-4668-BE54-9A1E7A4F7556}") = "Colibri", "Colibri\Colibri.csproj", "{EE414F3F-6E6F-4EB2-9950-E9B5F37C9CBA}"
EndProject
Project("{FAE04EC0-301F-11D3-BF4B-00C04F79EFBC}") = "CiberCafeColibriAPI", "CiberCafeColibriAPI\CiberCafeColibriAPI.csproj", "{77BA81F8-95B1-425C-A6F6-3E52BB78E3CB}"
EndProject
Global
	GlobalSection(SolutionConfigurationPlatforms) = preSolution
		Debug|Any CPU = Debug|Any CPU
		Release|Any CPU = Release|Any CPU
	EndGlobalSection
	GlobalSection(ProjectConfigurationPlatforms) = postSolution
		{EE414F3F-6E6F-4EB2-9950-E9B5F37C9CBA}.Debug|Any CPU.ActiveCfg = Debug|Any CPU
		{EE414F3F-6E6F-4EB2-9950-E9B5F37C9CBA}.Debug|Any CPU.Build.0 = Debug|Any CPU
		{EE414F3F-6E6F-4EB2-9950-E9B5F37C9CBA}.Release|Any CPU.ActiveCfg = Release|Any CPU
		{EE414F3F-6E6F-4EB2-9950-E9B5F37C9CBA}.Release|Any CPU.Build.0 = Release|Any CPU
		{77BA81F8-95B1-425C-A6F6-3E52BB78E3CB}.Debug|Any CPU.ActiveCfg = Debug|Any CPU
		{77BA81F8-95B1-425C-A6F6-3E52BB78E3CB}.Debug|Any CPU.Build.0 = Debug|Any CPU
		{77BA81F8-95B1-425C-A6F6-3E52BB78E3CB}.Release|Any CPU.ActiveCfg = Release|Any CPU
		{77BA81F8-95B1-425C-A6F6-3E52BB78E3CB}.Release|Any CPU.Build.0 = Release|Any CPU
	EndGlobalSection
	GlobalSection(SolutionProperties) = preSolution
		HideSolutionNode = FALSE
	EndGlobalSection
	GlobalSection(ExtensibilityGlobals) = postSolution
		SolutionGuid = {EC8F9443-2361-45E8-8905-4E13EB31694D}
	EndGlobalSection
EndGlobal
